{
  "nodes": {
    "home": {
      "inputs": {
        "nixpkgs": [
          "nixpkgs"
        ]
      },
      "locked": {
        "lastModified": 1704099619,
        "narHash": "sha256-QRVMkdxLmv+aKGjcgeEg31xtJEIsYq4i1Kbyw5EPS6g=",
        "owner": "nix-community",
        "repo": "home-manager",
        "rev": "7e398b3d76bc1503171b1364c9d4a07ac06f3851",
        "type": "github"
      },
      "original": {
        "owner": "nix-community",
        "ref": "release-23.11",
        "repo": "home-manager",
        "type": "github"
      }
    },
    "nixos-hardware": {
      "locked": {
        "lastModified": 1703879120,
        "narHash": "sha256-oMJ5xtDswlBWxs0DT/aYKEUIhjEpGZJ9GbIxOclYP8I=",
        "owner": "NixOS",
        "repo": "nixos-hardware",
        "rev": "22ae59fec26591ef72ce4ccb5538c42c5f090fe3",
        "type": "github"
      },
      "original": {
        "owner": "NixOS",
        "ref": "master",
        "repo": "nixos-hardware",
        "type": "github"
      }
    },
    "nixpkgs": {
      "locked": {
        "lastModified": 1703467016,
        "narHash": "sha256-/5A/dNPhbQx/Oa2d+Get174eNI3LERQ7u6WTWOlR1eQ=",
        "owner": "NixOS",
        "repo": "nixpkgs",
        "rev": "d02d818f22c777aa4e854efc3242ec451e5d462a",
        "type": "github"
      },
      "original": {
        "owner": "NixOS",
        "ref": "nixos-23.11",
        "repo": "nixpkgs",
        "type": "github"
      }
    },
    "nixpkgs-master": {
      "locked": {
        "lastModified": 1703899504,
        "narHash": "sha256-Dt40rg8nvF9Jn/AC6CcYZQ3VZ/OGzAFpyy7fiDOqUyk=",
        "owner": "NixOS",
        "repo": "nixpkgs",
        "rev": "32f27641a0ffc60ef734b2ea338fe5eb56cd6641",
        "type": "github"
      },
      "original": {
        "owner": "NixOS",
        "ref": "master",
        "repo": "nixpkgs",
        "type": "github"
      }
    },
    "nixpkgs-unstable": {
      "locked": {
        "lastModified": 1703438236,
        "narHash": "sha256-aqVBq1u09yFhL7bj1/xyUeJjzr92fXVvQSSEx6AdB1M=",
        "owner": "NixOS",
        "repo": "nixpkgs",
        "rev": "5f64a12a728902226210bf01d25ec6cbb9d9265b",
        "type": "github"
      },
      "original": {
        "owner": "NixOS",
        "ref": "nixos-unstable",
        "repo": "nixpkgs",
        "type": "github"
      }
    },
    "root": {
      "inputs": {
        "home": "home",
        "nixos-hardware": "nixos-hardware",
        "nixpkgs": "nixpkgs",
        "nixpkgs-master": "nixpkgs-master",
        "nixpkgs-unstable": "nixpkgs-unstable"
      }
    }
  },
  "root": "root",
  "version": 7
}
